// !$*UTF8*$!
{
	archiveVersion = 1;
	classes = {
	};
	objectVersion = 50;
	objects = {

/* Begin PBXBuildFile section */
		6583D51F21E8CCC50077F813 /* AppDelegate.swift in Sources */ = {isa = PBXBuildFile; fileRef = 6583D51E21E8CCC50077F813 /* AppDelegate.swift */; };
		6583D52121E8CCC50077F813 /* StackViewController.swift in Sources */ = {isa = PBXBuildFile; fileRef = 6583D52021E8CCC50077F813 /* StackViewController.swift */; };
		6583D52421E8CCC50077F813 /* StackView.storyboard in Resources */ = {isa = PBXBuildFile; fileRef = 6583D52221E8CCC50077F813 /* StackView.storyboard */; };
		6583D52621E8CCC70077F813 /* Assets.xcassets in Resources */ = {isa = PBXBuildFile; fileRef = 6583D52521E8CCC70077F813 /* Assets.xcassets */; };
		6583D52921E8CCC70077F813 /* LaunchScreen.storyboard in Resources */ = {isa = PBXBuildFile; fileRef = 6583D52721E8CCC70077F813 /* LaunchScreen.storyboard */; };
		6583D53421E8CCC70077F813 /* Reusable_Scroll_ViewTests.swift in Sources */ = {isa = PBXBuildFile; fileRef = 6583D53321E8CCC70077F813 /* Reusable_Scroll_ViewTests.swift */; };
		6583D54221E8D0F50077F813 /* CreditCardForm.swift in Sources */ = {isa = PBXBuildFile; fileRef = 6583D54021E8D0F50077F813 /* CreditCardForm.swift */; };
		6583D54721E8D2650077F813 /* CreditCardForm.xib in Resources */ = {isa = PBXBuildFile; fileRef = 6583D54621E8D2650077F813 /* CreditCardForm.xib */; };
		6583D56121E8E6820077F813 /* Nib.swift in Sources */ = {isa = PBXBuildFile; fileRef = 6583D56021E8E6820077F813 /* Nib.swift */; };
		6583D56321E8E6BF0077F813 /* TextField.swift in Sources */ = {isa = PBXBuildFile; fileRef = 6583D56221E8E6BF0077F813 /* TextField.swift */; };
		6583D56621E8E6DC0077F813 /* CreditCard.swift in Sources */ = {isa = PBXBuildFile; fileRef = 6583D56521E8E6DC0077F813 /* CreditCard.swift */; };
		6583D56921E8F1DE0077F813 /* QuotationHeader.xib in Resources */ = {isa = PBXBuildFile; fileRef = 6583D56821E8F1DE0077F813 /* QuotationHeader.xib */; };
		6583D56B21E8F2260077F813 /* QuotationHeader.swift in Sources */ = {isa = PBXBuildFile; fileRef = 6583D56A21E8F2260077F813 /* QuotationHeader.swift */; };
		6583D56D21E8F25E0077F813 /* TableViewController.swift in Sources */ = {isa = PBXBuildFile; fileRef = 6583D56C21E8F25E0077F813 /* TableViewController.swift */; };
		6583D56F21E8F2B50077F813 /* Main.storyboard in Resources */ = {isa = PBXBuildFile; fileRef = 6583D56E21E8F2B50077F813 /* Main.storyboard */; };
		6583D57121E8F2D80077F813 /* ViewController.swift in Sources */ = {isa = PBXBuildFile; fileRef = 6583D57021E8F2D80077F813 /* ViewController.swift */; };
		6583D57321E8F93A0077F813 /* TableView.storyboard in Resources */ = {isa = PBXBuildFile; fileRef = 6583D57221E8F93A0077F813 /* TableView.storyboard */; };
		65B6DE7521E8FC3B002D7CBB /* Container.storyboard in Resources */ = {isa = PBXBuildFile; fileRef = 65B6DE7421E8FC3B002D7CBB /* Container.storyboard */; };
		65B6DE7B21E8FCCC002D7CBB /* ContainerViewController.swift in Sources */ = {isa = PBXBuildFile; fileRef = 65B6DE7A21E8FCCC002D7CBB /* ContainerViewController.swift */; };
		65B6DE7F21E90217002D7CBB /* SubmitButtonCell.swift in Sources */ = {isa = PBXBuildFile; fileRef = 65B6DE7D21E90217002D7CBB /* SubmitButtonCell.swift */; };
		65B6DE8021E90217002D7CBB /* SubmitButtonCell.xib in Resources */ = {isa = PBXBuildFile; fileRef = 65B6DE7E21E90217002D7CBB /* SubmitButtonCell.xib */; };
/* End PBXBuildFile section */

/* Begin PBXContainerItemProxy section */
		6583D53021E8CCC70077F813 /* PBXContainerItemProxy */ = {
			isa = PBXContainerItemProxy;
			containerPortal = 6583D51321E8CCC50077F813 /* Project object */;
			proxyType = 1;
			remoteGlobalIDString = 6583D51A21E8CCC50077F813;
			remoteInfo = "Reusable Scroll View";
		};
/* End PBXContainerItemProxy section */

/* Begin PBXFileReference section */
		6583D51B21E8CCC50077F813 /* Reusable Scroll View.app */ = {isa = PBXFileReference; explicitFileType = wrapper.application; includeInIndex = 0; path = "Reusable Scroll View.app"; sourceTree = BUILT_PRODUCTS_DIR; };
		6583D51E21E8CCC50077F813 /* AppDelegate.swift */ = {isa = PBXFileReference; lastKnownFileType = sourcecode.swift; path = AppDelegate.swift; sourceTree = "<group>"; };
		6583D52021E8CCC50077F813 /* StackViewController.swift */ = {isa = PBXFileReference; lastKnownFileType = sourcecode.swift; path = StackViewController.swift; sourceTree = "<group>"; };
		6583D52321E8CCC50077F813 /* Base */ = {isa = PBXFileReference; lastKnownFileType = file.storyboard; name = Base; path = Base.lproj/StackView.storyboard; sourceTree = "<group>"; };
		6583D52521E8CCC70077F813 /* Assets.xcassets */ = {isa = PBXFileReference; lastKnownFileType = folder.assetcatalog; path = Assets.xcassets; sourceTree = "<group>"; };
		6583D52821E8CCC70077F813 /* Base */ = {isa = PBXFileReference; lastKnownFileType = file.storyboard; name = Base; path = Base.lproj/LaunchScreen.storyboard; sourceTree = "<group>"; };
		6583D52A21E8CCC70077F813 /* Info.plist */ = {isa = PBXFileReference; lastKnownFileType = text.plist.xml; path = Info.plist; sourceTree = "<group>"; };
		6583D52F21E8CCC70077F813 /* Reusable Scroll ViewTests.xctest */ = {isa = PBXFileReference; explicitFileType = wrapper.cfbundle; includeInIndex = 0; path = "Reusable Scroll ViewTests.xctest"; sourceTree = BUILT_PRODUCTS_DIR; };
		6583D53321E8CCC70077F813 /* Reusable_Scroll_ViewTests.swift */ = {isa = PBXFileReference; lastKnownFileType = sourcecode.swift; path = Reusable_Scroll_ViewTests.swift; sourceTree = "<group>"; };
		6583D53521E8CCC70077F813 /* Info.plist */ = {isa = PBXFileReference; lastKnownFileType = text.plist.xml; path = Info.plist; sourceTree = "<group>"; };
		6583D54021E8D0F50077F813 /* CreditCardForm.swift */ = {isa = PBXFileReference; lastKnownFileType = sourcecode.swift; path = CreditCardForm.swift; sourceTree = "<group>"; };
		6583D54621E8D2650077F813 /* CreditCardForm.xib */ = {isa = PBXFileReference; lastKnownFileType = file.xib; path = CreditCardForm.xib; sourceTree = "<group>"; };
		6583D56021E8E6820077F813 /* Nib.swift */ = {isa = PBXFileReference; lastKnownFileType = sourcecode.swift; path = Nib.swift; sourceTree = "<group>"; };
		6583D56221E8E6BF0077F813 /* TextField.swift */ = {isa = PBXFileReference; lastKnownFileType = sourcecode.swift; path = TextField.swift; sourceTree = "<group>"; };
		6583D56521E8E6DC0077F813 /* CreditCard.swift */ = {isa = PBXFileReference; lastKnownFileType = sourcecode.swift; path = CreditCard.swift; sourceTree = "<group>"; };
		6583D56821E8F1DE0077F813 /* QuotationHeader.xib */ = {isa = PBXFileReference; lastKnownFileType = file.xib; path = QuotationHeader.xib; sourceTree = "<group>"; };
		6583D56A21E8F2260077F813 /* QuotationHeader.swift */ = {isa = PBXFileReference; lastKnownFileType = sourcecode.swift; path = QuotationHeader.swift; sourceTree = "<group>"; };
		6583D56C21E8F25E0077F813 /* TableViewController.swift */ = {isa = PBXFileReference; lastKnownFileType = sourcecode.swift; path = TableViewController.swift; sourceTree = "<group>"; };
		6583D56E21E8F2B50077F813 /* Main.storyboard */ = {isa = PBXFileReference; lastKnownFileType = file.storyboard; path = Main.storyboard; sourceTree = "<group>"; };
		6583D57021E8F2D80077F813 /* ViewController.swift */ = {isa = PBXFileReference; lastKnownFileType = sourcecode.swift; path = ViewController.swift; sourceTree = "<group>"; };
		6583D57221E8F93A0077F813 /* TableView.storyboard */ = {isa = PBXFileReference; lastKnownFileType = file.storyboard; path = TableView.storyboard; sourceTree = "<group>"; };
		65B6DE7421E8FC3B002D7CBB /* Container.storyboard */ = {isa = PBXFileReference; lastKnownFileType = file.storyboard; path = Container.storyboard; sourceTree = "<group>"; };
		65B6DE7A21E8FCCC002D7CBB /* ContainerViewController.swift */ = {isa = PBXFileReference; lastKnownFileType = sourcecode.swift; path = ContainerViewController.swift; sourceTree = "<group>"; };
		65B6DE7D21E90217002D7CBB /* SubmitButtonCell.swift */ = {isa = PBXFileReference; lastKnownFileType = sourcecode.swift; path = SubmitButtonCell.swift; sourceTree = "<group>"; };
		65B6DE7E21E90217002D7CBB /* SubmitButtonCell.xib */ = {isa = PBXFileReference; lastKnownFileType = file.xib; path = SubmitButtonCell.xib; sourceTree = "<group>"; };
/* End PBXFileReference section */

/* Begin PBXFrameworksBuildPhase section */
		6583D51821E8CCC50077F813 /* Frameworks */ = {
			isa = PBXFrameworksBuildPhase;
			buildActionMask = 2147483647;
			files = (
			);
			runOnlyForDeploymentPostprocessing = 0;
		};
		6583D52C21E8CCC70077F813 /* Frameworks */ = {
			isa = PBXFrameworksBuildPhase;
			buildActionMask = 2147483647;
			files = (
			);
			runOnlyForDeploymentPostprocessing = 0;
		};
/* End PBXFrameworksBuildPhase section */

/* Begin PBXGroup section */
		6583D51221E8CCC50077F813 = {
			isa = PBXGroup;
			children = (
				6583D51D21E8CCC50077F813 /* Reusable Scroll View */,
				6583D53221E8CCC70077F813 /* Reusable Scroll ViewTests */,
				6583D51C21E8CCC50077F813 /* Products */,
			);
			sourceTree = "<group>";
		};
		6583D51C21E8CCC50077F813 /* Products */ = {
			isa = PBXGroup;
			children = (
				6583D51B21E8CCC50077F813 /* Reusable Scroll View.app */,
				6583D52F21E8CCC70077F813 /* Reusable Scroll ViewTests.xctest */,
			);
			name = Products;
			sourceTree = "<group>";
		};
		6583D51D21E8CCC50077F813 /* Reusable Scroll View */ = {
			isa = PBXGroup;
			children = (
				6583D52A21E8CCC70077F813 /* Info.plist */,
				6583D56E21E8F2B50077F813 /* Main.storyboard */,
				6583D51E21E8CCC50077F813 /* AppDelegate.swift */,
				6583D57021E8F2D80077F813 /* ViewController.swift */,
				6583D52521E8CCC70077F813 /* Assets.xcassets */,
				6583D52721E8CCC70077F813 /* LaunchScreen.storyboard */,
				6583D55F21E8E65F0077F813 /* Library */,
				6583D56421E8E6D20077F813 /* Model */,
				65B6DE7721E8FC4A002D7CBB /* Module */,
			);
			path = "Reusable Scroll View";
			sourceTree = "<group>";
		};
		6583D53221E8CCC70077F813 /* Reusable Scroll ViewTests */ = {
			isa = PBXGroup;
			children = (
				6583D53321E8CCC70077F813 /* Reusable_Scroll_ViewTests.swift */,
				6583D53521E8CCC70077F813 /* Info.plist */,
			);
			path = "Reusable Scroll ViewTests";
			sourceTree = "<group>";
		};
		6583D54C21E8DE9F0077F813 /* StackView */ = {
			isa = PBXGroup;
			children = (
				6583D54021E8D0F50077F813 /* CreditCardForm.swift */,
				6583D54621E8D2650077F813 /* CreditCardForm.xib */,
				6583D52221E8CCC50077F813 /* StackView.storyboard */,
				6583D52021E8CCC50077F813 /* StackViewController.swift */,
			);
			path = StackView;
			sourceTree = "<group>";
		};
		6583D55F21E8E65F0077F813 /* Library */ = {
			isa = PBXGroup;
			children = (
				6583D56021E8E6820077F813 /* Nib.swift */,
				6583D56221E8E6BF0077F813 /* TextField.swift */,
			);
			path = Library;
			sourceTree = "<group>";
		};
		6583D56421E8E6D20077F813 /* Model */ = {
			isa = PBXGroup;
			children = (
				6583D56521E8E6DC0077F813 /* CreditCard.swift */,
			);
			path = Model;
			sourceTree = "<group>";
		};
		6583D56721E8F1030077F813 /* TableView */ = {
			isa = PBXGroup;
			children = (
				6583D56A21E8F2260077F813 /* QuotationHeader.swift */,
				6583D56821E8F1DE0077F813 /* QuotationHeader.xib */,
				6583D57221E8F93A0077F813 /* TableView.storyboard */,
				6583D56C21E8F25E0077F813 /* TableViewController.swift */,
			);
			path = TableView;
			sourceTree = "<group>";
		};
		65B6DE7621E8FC43002D7CBB /* Container */ = {
			isa = PBXGroup;
			children = (
				65B6DE7421E8FC3B002D7CBB /* Container.storyboard */,
				65B6DE7A21E8FCCC002D7CBB /* ContainerViewController.swift */,
			);
			path = Container;
			sourceTree = "<group>";
		};
		65B6DE7721E8FC4A002D7CBB /* Module */ = {
			isa = PBXGroup;
			children = (
				65B6DE7621E8FC43002D7CBB /* Container */,
				6583D54C21E8DE9F0077F813 /* StackView */,
				6583D56721E8F1030077F813 /* TableView */,
				65B6DE7C21E901FA002D7CBB /* TableView2 */,
			);
			path = Module;
			sourceTree = "<group>";
		};
		65B6DE7C21E901FA002D7CBB /* TableView2 */ = {
			isa = PBXGroup;
			children = (
				65B6DE7D21E90217002D7CBB /* SubmitButtonCell.swift */,
				65B6DE7E21E90217002D7CBB /* SubmitButtonCell.xib */,
			);
			path = TableView2;
			sourceTree = "<group>";
		};
/* End PBXGroup section */

/* Begin PBXNativeTarget section */
		6583D51A21E8CCC50077F813 /* Reusable Scroll View */ = {
			isa = PBXNativeTarget;
			buildConfigurationList = 6583D53821E8CCC70077F813 /* Build configuration list for PBXNativeTarget "Reusable Scroll View" */;
			buildPhases = (
				6583D51721E8CCC50077F813 /* Sources */,
				6583D51821E8CCC50077F813 /* Frameworks */,
				6583D51921E8CCC50077F813 /* Resources */,
			);
			buildRules = (
			);
			dependencies = (
			);
			name = "Reusable Scroll View";
			productName = "Reusable Scroll View";
			productReference = 6583D51B21E8CCC50077F813 /* Reusable Scroll View.app */;
			productType = "com.apple.product-type.application";
		};
		6583D52E21E8CCC70077F813 /* Reusable Scroll ViewTests */ = {
			isa = PBXNativeTarget;
			buildConfigurationList = 6583D53B21E8CCC70077F813 /* Build configuration list for PBXNativeTarget "Reusable Scroll ViewTests" */;
			buildPhases = (
				6583D52B21E8CCC70077F813 /* Sources */,
				6583D52C21E8CCC70077F813 /* Frameworks */,
				6583D52D21E8CCC70077F813 /* Resources */,
			);
			buildRules = (
			);
			dependencies = (
				6583D53121E8CCC70077F813 /* PBXTargetDependency */,
			);
			name = "Reusable Scroll ViewTests";
			productName = "Reusable Scroll ViewTests";
			productReference = 6583D52F21E8CCC70077F813 /* Reusable Scroll ViewTests.xctest */;
			productType = "com.apple.product-type.bundle.unit-test";
		};
/* End PBXNativeTarget section */

/* Begin PBXProject section */
		6583D51321E8CCC50077F813 /* Project object */ = {
			isa = PBXProject;
			attributes = {
				LastSwiftUpdateCheck = 1010;
				LastUpgradeCheck = 1010;
				ORGANIZATIONNAME = "Wasith Theerapattrathamrong";
				TargetAttributes = {
					6583D51A21E8CCC50077F813 = {
						CreatedOnToolsVersion = 10.1;
					};
					6583D52E21E8CCC70077F813 = {
						CreatedOnToolsVersion = 10.1;
						TestTargetID = 6583D51A21E8CCC50077F813;
					};
				};
			};
			buildConfigurationList = 6583D51621E8CCC50077F813 /* Build configuration list for PBXProject "Reusable Scroll View" */;
			compatibilityVersion = "Xcode 9.3";
			developmentRegion = en;
			hasScannedForEncodings = 0;
			knownRegions = (
				en,
				Base,
			);
			mainGroup = 6583D51221E8CCC50077F813;
			productRefGroup = 6583D51C21E8CCC50077F813 /* Products */;
			projectDirPath = "";
			projectRoot = "";
			targets = (
				6583D51A21E8CCC50077F813 /* Reusable Scroll View */,
				6583D52E21E8CCC70077F813 /* Reusable Scroll ViewTests */,
			);
		};
/* End PBXProject section */

/* Begin PBXResourcesBuildPhase section */
		6583D51921E8CCC50077F813 /* Resources */ = {
			isa = PBXResourcesBuildPhase;
			buildActionMask = 2147483647;
			files = (
				6583D54721E8D2650077F813 /* CreditCardForm.xib in Resources */,
				6583D57321E8F93A0077F813 /* TableView.storyboard in Resources */,
				6583D52921E8CCC70077F813 /* LaunchScreen.storyboard in Resources */,
				6583D52621E8CCC70077F813 /* Assets.xcassets in Resources */,
				6583D56F21E8F2B50077F813 /* Main.storyboard in Resources */,
				65B6DE8021E90217002D7CBB /* SubmitButtonCell.xib in Resources */,
				6583D56921E8F1DE0077F813 /* QuotationHeader.xib in Resources */,
				65B6DE7521E8FC3B002D7CBB /* Container.storyboard in Resources */,
				6583D52421E8CCC50077F813 /* StackView.storyboard in Resources */,
			);
			runOnlyForDeploymentPostprocessing = 0;
		};
		6583D52D21E8CCC70077F813 /* Resources */ = {
			isa = PBXResourcesBuildPhase;
			buildActionMask = 2147483647;
			files = (
			);
			runOnlyForDeploymentPostprocessing = 0;
		};
/* End PBXResourcesBuildPhase section */

/* Begin PBXSourcesBuildPhase section */
		6583D51721E8CCC50077F813 /* Sources */ = {
			isa = PBXSourcesBuildPhase;
			buildActionMask = 2147483647;
			files = (
				65B6DE7F21E90217002D7CBB /* SubmitButtonCell.swift in Sources */,
				6583D56B21E8F2260077F813 /* QuotationHeader.swift in Sources */,
				6583D56621E8E6DC0077F813 /* CreditCard.swift in Sources */,
				65B6DE7B21E8FCCC002D7CBB /* ContainerViewController.swift in Sources */,
				6583D54221E8D0F50077F813 /* CreditCardForm.swift in Sources */,
				6583D57121E8F2D80077F813 /* ViewController.swift in Sources */,
				6583D56D21E8F25E0077F813 /* TableViewController.swift in Sources */,
				6583D56121E8E6820077F813 /* Nib.swift in Sources */,
				6583D52121E8CCC50077F813 /* StackViewController.swift in Sources */,
				6583D56321E8E6BF0077F813 /* TextField.swift in Sources */,
				6583D51F21E8CCC50077F813 /* AppDelegate.swift in Sources */,
			);
			runOnlyForDeploymentPostprocessing = 0;
		};
		6583D52B21E8CCC70077F813 /* Sources */ = {
			isa = PBXSourcesBuildPhase;
			buildActionMask = 2147483647;
			files = (
				6583D53421E8CCC70077F813 /* Reusable_Scroll_ViewTests.swift in Sources */,
			);
			runOnlyForDeploymentPostprocessing = 0;
		};
/* End PBXSourcesBuildPhase section */

/* Begin PBXTargetDependency section */
		6583D53121E8CCC70077F813 /* PBXTargetDependency */ = {
			isa = PBXTargetDependency;
			target = 6583D51A21E8CCC50077F813 /* Reusable Scroll View */;
			targetProxy = 6583D53021E8CCC70077F813 /* PBXContainerItemProxy */;
		};
/* End PBXTargetDependency section */

/* Begin PBXVariantGroup section */
		6583D52221E8CCC50077F813 /* StackView.storyboard */ = {
			isa = PBXVariantGroup;
			children = (
				6583D52321E8CCC50077F813 /* Base */,
			);
			name = StackView.storyboard;
			sourceTree = "<group>";
		};
		6583D52721E8CCC70077F813 /* LaunchScreen.storyboard */ = {
			isa = PBXVariantGroup;
			children = (
				6583D52821E8CCC70077F813 /* Base */,
			);
			name = LaunchScreen.storyboard;
			sourceTree = "<group>";
		};
/* End PBXVariantGroup section */

/* Begin XCBuildConfiguration section */
		6583D53621E8CCC70077F813 /* Debug */ = {
			isa = XCBuildConfiguration;
			buildSettings = {
				ALWAYS_SEARCH_USER_PATHS = NO;
				CLANG_ANALYZER_NONNULL = YES;
				CLANG_ANALYZER_NUMBER_OBJECT_CONVERSION = YES_AGGRESSIVE;
				CLANG_CXX_LANGUAGE_STANDARD = "gnu++14";
				CLANG_CXX_LIBRARY = "libc++";
				CLANG_ENABLE_MODULES = YES;
				CLANG_ENABLE_OBJC_ARC = YES;
				CLANG_ENABLE_OBJC_WEAK = YES;
				CLANG_WARN_BLOCK_CAPTURE_AUTORELEASING = YES;
				CLANG_WARN_BOOL_CONVERSION = YES;
				CLANG_WARN_COMMA = YES;
				CLANG_WARN_CONSTANT_CONVERSION = YES;
				CLANG_WARN_DEPRECATED_OBJC_IMPLEMENTATIONS = YES;
				CLANG_WARN_DIRECT_OBJC_ISA_USAGE = YES_ERROR;
				CLANG_WARN_DOCUMENTATION_COMMENTS = YES;
				CLANG_WARN_EMPTY_BODY = YES;
				CLANG_WARN_ENUM_CONVERSION = YES;
				CLANG_WARN_INFINITE_RECURSION = YES;
				CLANG_WARN_INT_CONVERSION = YES;
				CLANG_WARN_NON_LITERAL_NULL_CONVERSION = YES;
				CLANG_WARN_OBJC_IMPLICIT_RETAIN_SELF = YES;
				CLANG_WARN_OBJC_LITERAL_CONVERSION = YES;
				CLANG_WARN_OBJC_ROOT_CLASS = YES_ERROR;
				CLANG_WARN_RANGE_LOOP_ANALYSIS = YES;
				CLANG_WARN_STRICT_PROTOTYPES = YES;
				CLANG_WARN_SUSPICIOUS_MOVE = YES;
				CLANG_WARN_UNGUARDED_AVAILABILITY = YES_AGGRESSIVE;
				CLANG_WARN_UNREACHABLE_CODE = YES;
				CLANG_WARN__DUPLICATE_METHOD_MATCH = YES;
				CODE_SIGN_IDENTITY = "iPhone Developer";
				COPY_PHASE_STRIP = NO;
				DEBUG_INFORMATION_FORMAT = dwarf;
				ENABLE_STRICT_OBJC_MSGSEND = YES;
				ENABLE_TESTABILITY = YES;
				GCC_C_LANGUAGE_STANDARD = gnu11;
				GCC_DYNAMIC_NO_PIC = NO;
				GCC_NO_COMMON_BLOCKS = YES;
				GCC_OPTIMIZATION_LEVEL = 0;
				GCC_PREPROCESSOR_DEFINITIONS = (
					"DEBUG=1",
					"$(inherited)",
				);
				GCC_WARN_64_TO_32_BIT_CONVERSION = YES;
				GCC_WARN_ABOUT_RETURN_TYPE = YES_ERROR;
				GCC_WARN_UNDECLARED_SELECTOR = YES;
				GCC_WARN_UNINITIALIZED_AUTOS = YES_AGGRESSIVE;
				GCC_WARN_UNUSED_FUNCTION = YES;
				GCC_WARN_UNUSED_VARIABLE = YES;
				IPHONEOS_DEPLOYMENT_TARGET = 12.1;
				MTL_ENABLE_DEBUG_INFO = INCLUDE_SOURCE;
				MTL_FAST_MATH = YES;
				ONLY_ACTIVE_ARCH = YES;
				SDKROOT = iphoneos;
				SWIFT_ACTIVE_COMPILATION_CONDITIONS = DEBUG;
				SWIFT_OPTIMIZATION_LEVEL = "-Onone";
			};
			name = Debug;
		};
		6583D53721E8CCC70077F813 /* Release */ = {
			isa = XCBuildConfiguration;
			buildSettings = {
				ALWAYS_SEARCH_USER_PATHS = NO;
				CLANG_ANALYZER_NONNULL = YES;
				CLANG_ANALYZER_NUMBER_OBJECT_CONVERSION = YES_AGGRESSIVE;
				CLANG_CXX_LANGUAGE_STANDARD = "gnu++14";
				CLANG_CXX_LIBRARY = "libc++";
				CLANG_ENABLE_MODULES = YES;
				CLANG_ENABLE_OBJC_ARC = YES;
				CLANG_ENABLE_OBJC_WEAK = YES;
				CLANG_WARN_BLOCK_CAPTURE_AUTORELEASING = YES;
				CLANG_WARN_BOOL_CONVERSION = YES;
				CLANG_WARN_COMMA = YES;
				CLANG_WARN_CONSTANT_CONVERSION = YES;
				CLANG_WARN_DEPRECATED_OBJC_IMPLEMENTATIONS = YES;
				CLANG_WARN_DIRECT_OBJC_ISA_USAGE = YES_ERROR;
				CLANG_WARN_DOCUMENTATION_COMMENTS = YES;
				CLANG_WARN_EMPTY_BODY = YES;
				CLANG_WARN_ENUM_CONVERSION = YES;
				CLANG_WARN_INFINITE_RECURSION = YES;
				CLANG_WARN_INT_CONVERSION = YES;
				CLANG_WARN_NON_LITERAL_NULL_CONVERSION = YES;
				CLANG_WARN_OBJC_IMPLICIT_RETAIN_SELF = YES;
				CLANG_WARN_OBJC_LITERAL_CONVERSION = YES;
				CLANG_WARN_OBJC_ROOT_CLASS = YES_ERROR;
				CLANG_WARN_RANGE_LOOP_ANALYSIS = YES;
				CLANG_WARN_STRICT_PROTOTYPES = YES;
				CLANG_WARN_SUSPICIOUS_MOVE = YES;
				CLANG_WARN_UNGUARDED_AVAILABILITY = YES_AGGRESSIVE;
				CLANG_WARN_UNREACHABLE_CODE = YES;
				CLANG_WARN__DUPLICATE_METHOD_MATCH = YES;
				CODE_SIGN_IDENTITY = "iPhone Developer";
				COPY_PHASE_STRIP = NO;
				DEBUG_INFORMATION_FORMAT = "dwarf-with-dsym";
				ENABLE_NS_ASSERTIONS = NO;
				ENABLE_STRICT_OBJC_MSGSEND = YES;
				GCC_C_LANGUAGE_STANDARD = gnu11;
				GCC_NO_COMMON_BLOCKS = YES;
				GCC_WARN_64_TO_32_BIT_CONVERSION = YES;
				GCC_WARN_ABOUT_RETURN_TYPE = YES_ERROR;
				GCC_WARN_UNDECLARED_SELECTOR = YES;
				GCC_WARN_UNINITIALIZED_AUTOS = YES_AGGRESSIVE;
				GCC_WARN_UNUSED_FUNCTION = YES;
				GCC_WARN_UNUSED_VARIABLE = YES;
				IPHONEOS_DEPLOYMENT_TARGET = 12.1;
				MTL_ENABLE_DEBUG_INFO = NO;
				MTL_FAST_MATH = YES;
				SDKROOT = iphoneos;
				SWIFT_COMPILATION_MODE = wholemodule;
				SWIFT_OPTIMIZATION_LEVEL = "-O";
				VALIDATE_PRODUCT = YES;
			};
			name = Release;
		};
		6583D53921E8CCC70077F813 /* Debug */ = {
			isa = XCBuildConfiguration;
			buildSettings = {
				ASSETCATALOG_COMPILER_APPICON_NAME = AppIcon;
				CODE_SIGN_STYLE = Automatic;
				INFOPLIST_FILE = "Reusable Scroll View/Info.plist";
				IPHONEOS_DEPLOYMENT_TARGET = 9.0;
				LD_RUNPATH_SEARCH_PATHS = (
					"$(inherited)",
					"@executable_path/Frameworks",
				);
				PRODUCT_BUNDLE_IDENTIFIER = "com.github.ph9.Reusable-Scroll-View";
				PRODUCT_NAME = "$(TARGET_NAME)";
				SWIFT_VERSION = 4.2;
				TARGETED_DEVICE_FAMILY = "1,2";
			};
			name = Debug;
		};
		6583D53A21E8CCC70077F813 /* Release */ = {
			isa = XCBuildConfiguration;
			buildSettings = {
				ASSETCATALOG_COMPILER_APPICON_NAME = AppIcon;
				CODE_SIGN_STYLE = Automatic;
				INFOPLIST_FILE = "Reusable Scroll View/Info.plist";
				IPHONEOS_DEPLOYMENT_TARGET = 9.0;
				LD_RUNPATH_SEARCH_PATHS = (
					"$(inherited)",
					"@executable_path/Frameworks",
				);
				PRODUCT_BUNDLE_IDENTIFIER = "com.github.ph9.Reusable-Scroll-View";
				PRODUCT_NAME = "$(TARGET_NAME)";
				SWIFT_VERSION = 4.2;
				TARGETED_DEVICE_FAMILY = "1,2";
			};
			name = Release;
		};
		6583D53C21E8CCC70077F813 /* Debug */ = {
			isa = XCBuildConfiguration;
			buildSettings = {
				ALWAYS_EMBED_SWIFT_STANDARD_LIBRARIES = YES;
				BUNDLE_LOADER = "$(TEST_HOST)";
				CODE_SIGN_STYLE = Automatic;
				INFOPLIST_FILE = "Reusable Scroll ViewTests/Info.plist";
				LD_RUNPATH_SEARCH_PATHS = (
					"$(inherited)",
					"@executable_path/Frameworks",
					"@loader_path/Frameworks",
				);
				PRODUCT_BUNDLE_IDENTIFIER = "com.github.ph9.Reusable-Scroll-ViewTests";
				PRODUCT_NAME = "$(TARGET_NAME)";
				SWIFT_VERSION = 4.2;
				TARGETED_DEVICE_FAMILY = "1,2";
				TEST_HOST = "$(BUILT_PRODUCTS_DIR)/Reusable Scroll View.app/Reusable Scroll View";
			};
			name = Debug;
		};
		6583D53D21E8CCC70077F813 /* Release */ = {
			isa = XCBuildConfiguration;
			buildSettings = {
				ALWAYS_EMBED_SWIFT_STANDARD_LIBRARIES = YES;
				BUNDLE_LOADER = "$(TEST_HOST)";
				CODE_SIGN_STYLE = Automatic;
				INFOPLIST_FILE = "Reusable Scroll ViewTests/Info.plist";
				LD_RUNPATH_SEARCH_PATHS = (
					"$(inherited)",
					"@executable_path/Frameworks",
					"@loader_path/Frameworks",
				);
				PRODUCT_BUNDLE_IDENTIFIER = "com.github.ph9.Reusable-Scroll-ViewTests";
				PRODUCT_NAME = "$(TARGET_NAME)";
				SWIFT_VERSION = 4.2;
				TARGETED_DEVICE_FAMILY = "1,2";
				TEST_HOST = "$(BUILT_PRODUCTS_DIR)/Reusable Scroll View.app/Reusable Scroll View";
			};
			name = Release;
		};
/* End XCBuildConfiguration section */

/* Begin XCConfigurationList section */
		6583D51621E8CCC50077F813 /* Build configuration list for PBXProject "Reusable Scroll View" */ = {
			isa = XCConfigurationList;
			buildConfigurations = (
				6583D53621E8CCC70077F813 /* Debug */,
				6583D53721E8CCC70077F813 /* Release */,
			);
			defaultConfigurationIsVisible = 0;
			defaultConfigurationName = Release;
		};
		6583D53821E8CCC70077F813 /* Build configuration list for PBXNativeTarget "Reusable Scroll View" */ = {
			isa = XCConfigurationList;
			buildConfigurations = (
				6583D53921E8CCC70077F813 /* Debug */,
				6583D53A21E8CCC70077F813 /* Release */,
			);
			defaultConfigurationIsVisible = 0;
			defaultConfigurationName = Release;
		};
		6583D53B21E8CCC70077F813 /* Build configuration list for PBXNativeTarget "Reusable Scroll ViewTests" */ = {
			isa = XCConfigurationList;
			buildConfigurations = (
				6583D53C21E8CCC70077F813 /* Debug */,
				6583D53D21E8CCC70077F813 /* Release */,
			);
			defaultConfigurationIsVisible = 0;
			defaultConfigurationName = Release;
		};
/* End XCConfigurationList section */
	};
	rootObject = 6583D51321E8CCC50077F813 /* Project object */;
}
